<?xml version="1.0" encoding="utf-8"?>
<Project ToolsVersion="4.0" xmlns="http://schemas.microsoft.com/developer/msbuild/2003">
  <ItemGroup>
    <Filter Include="Centurion">
      <UniqueIdentifier>{1C2249CF-888C-FD45-D1CA-AEEB3D74DB9A}</UniqueIdentifier>
    </Filter>
    <Filter Include="Centurion\Events">
      <UniqueIdentifier>{80D61704-6CCF-3656-9501-1CDB81591662}</UniqueIdentifier>
    </Filter>
    <Filter Include="Platform">
      <UniqueIdentifier>{2AC788B4-1694-E3BF-3FAD-D1672BD9184E}</UniqueIdentifier>
    </Filter>
    <Filter Include="Platform\Windows">
      <UniqueIdentifier>{64FBD71A-50F4-F66C-7926-DCF1657ED678}</UniqueIdentifier>
    </Filter>
    <Filter Include="Platform\OpenGL">
      <UniqueIdentifier>{f63119e7-6742-4a90-91c3-7898c90385f3}</UniqueIdentifier>
    </Filter>
    <Filter Include="Centurion\ImGui">
      <UniqueIdentifier>{cdfaa374-6478-4d0d-ba5d-0b017afd5f79}</UniqueIdentifier>
    </Filter>
  </ItemGroup>
  <ItemGroup>
    <ClInclude Include="src\Centurion.h" />
    <ClInclude Include="src\Centurion\Application.h">
      <Filter>Centurion</Filter>
    </ClInclude>
    <ClInclude Include="src\Centurion\Core.h">
      <Filter>Centurion</Filter>
    </ClInclude>
    <ClInclude Include="src\Centurion\EntryPoint.h">
      <Filter>Centurion</Filter>
    </ClInclude>
    <ClInclude Include="src\Centurion\Events\ApplicationEvent.h">
      <Filter>Centurion\Events</Filter>
    </ClInclude>
    <ClInclude Include="src\Centurion\Events\Event.h">
      <Filter>Centurion\Events</Filter>
    </ClInclude>
    <ClInclude Include="src\Centurion\Events\KeyEvent.h">
      <Filter>Centurion\Events</Filter>
    </ClInclude>
    <ClInclude Include="src\Centurion\Events\Mouse.h">
      <Filter>Centurion\Events</Filter>
    </ClInclude>
    <ClInclude Include="src\Centurion\Layer.h">
      <Filter>Centurion</Filter>
    </ClInclude>
    <ClInclude Include="src\Centurion\LayerStack.h">
      <Filter>Centurion</Filter>
    </ClInclude>
    <ClInclude Include="src\Centurion\Log.h">
      <Filter>Centurion</Filter>
    </ClInclude>
    <ClInclude Include="src\Centurion\Window.h">
      <Filter>Centurion</Filter>
    </ClInclude>
    <ClInclude Include="src\Platform\Windows\WindowsWindow.h">
      <Filter>Platform\Windows</Filter>
    </ClInclude>
    <ClInclude Include="src\ctnpch.h" />
    <ClInclude Include="src\Platform\OpenGL\imgui_impl_opengl3.h" />
    <ClInclude Include="src\Centurion\ImGui\ImGuiLayer.h" />
    <ClInclude Include="src\Centurion\Input.h" />
    <ClInclude Include="src\Platform\Windows\WindowsInput.h" />
  </ItemGroup>
  <ItemGroup>
    <ClCompile Include="src\Centurion\Application.cpp">
      <Filter>Centurion</Filter>
    </ClCompile>
    <ClCompile Include="src\Centurion\Layer.cpp">
      <Filter>Centurion</Filter>
    </ClCompile>
    <ClCompile Include="src\Centurion\LayerStack.cpp">
      <Filter>Centurion</Filter>
    </ClCompile>
    <ClCompile Include="src\Centurion\Log.cpp">
      <Filter>Centurion</Filter>
    </ClCompile>
    <ClCompile Include="src\Platform\Windows\WindowsWindow.cpp">
      <Filter>Platform\Windows</Filter>
    </ClCompile>
    <ClCompile Include="src\ctnpch.cpp" />
    <ClCompile Include="src\Platform\OpenGL\imgui_impl_opengl3.cpp" />
    <ClCompile Include="src\Centurion\ImGui\ImGuiLayer.cpp" />
    <ClCompile Include="src\Platform\Windows\WindowsInput.cpp" />
  </ItemGroup>
</Project>